
Microsoft Visual Studio Solution File, Format Version 12.00
# Visual Studio 15
VisualStudioVersion = 15.0.27130.2010
MinimumVisualStudioVersion = 10.0.40219.1
Project("{FAE04EC0-301F-11D3-BF4B-00C04F79EFBC}") = "RenderLayout", "RenderLayout\RenderLayout.csproj", "{1818E4E1-1FBE-4040-8038-8C73F71D2008}"
EndProject
Global
	GlobalSection(SolutionConfigurationPlatforms) = preSolution
		Debug|Any CPU = Debug|Any CPU
		Release|Any CPU = Release|Any CPU
	EndGlobalSection
	GlobalSection(ProjectConfigurationPlatforms) = postSolution
		{1818E4E1-1FBE-4040-8038-8C73F71D2008}.Debug|Any CPU.ActiveCfg = Debug|Any CPU
		{1818E4E1-1FBE-4040-8038-8C73F71D2008}.Debug|Any CPU.Build.0 = Debug|Any CPU
		{1818E4E1-1FBE-4040-8038-8C73F71D2008}.Release|Any CPU.ActiveCfg = Release|Any CPU
		{1818E4E1-1FBE-4040-8038-8C73F71D2008}.Release|Any CPU.Build.0 = Release|Any CPU
	EndGlobalSection
	GlobalSection(SolutionProperties) = preSolution
		HideSolutionNode = FALSE
	EndGlobalSection
	GlobalSection(ExtensibilityGlobals) = postSolution
		SolutionGuid = {216C3ED1-91D7-411C-8E07-3262C92CB525}
	EndGlobalSection
EndGlobal
